github.com/Ullaakut/nmap/v3 v3.0.3 h1:bSFREzf0vWOi27vncgP/tiIRUx2OP+N0hGo8O/YHec8=
github.com/Ullaakut/nmap/v3 v3.0.3/go.mod h1:dd5K68P7LHc5nKrFwQx6EdTt61O9UN5x3zn1R4SLcco=
github.com/hashicorp/go-version v1.7.0 h1:5tqGy27NaOTB8yJKUZELlFAS/LTKJkrmONwQKeRZfjY=
github.com/hashicorp/go-version v1.7.0/go.mod h1:fltr4n8CU8Ke44wwGCBoEymUuxUHl09ZGVZPK5anwXA=
golang.org/x/sync v0.1.0 h1:wsuoTGHzEhffawBOhz5CYhcrV4IdKZbEyZjBMuTp12o=
golang.org/x/sync v0.1.0/go.mod h1:RxMgew5VJxzue5/jJTE5uejpjVlOe/izrB70Jof72aM=
